
Microsoft Visual Studio Solution File, Format Version 12.00
# Visual Studio 15
VisualStudioVersion = 15.0.27428.2002
MinimumVisualStudioVersion = 10.0.40219.1
Project("{FAE04EC0-301F-11D3-BF4B-00C04F79EFBC}") = "CodeShare.TLS1.2.Umbraco", "CodeShare.TLS1.2.Umbraco.csproj", "{27ED788B-A798-4F7F-80E9-9D11809102B4}"
EndProject
Global
	GlobalSection(SolutionConfigurationPlatforms) = preSolution
		Debug|Any CPU = Debug|Any CPU
		Release|Any CPU = Release|Any CPU
	EndGlobalSection
	GlobalSection(ProjectConfigurationPlatforms) = postSolution
		{27ED788B-A798-4F7F-80E9-9D11809102B4}.Debug|Any CPU.ActiveCfg = Debug|Any CPU
		{27ED788B-A798-4F7F-80E9-9D11809102B4}.Debug|Any CPU.Build.0 = Debug|Any CPU
		{27ED788B-A798-4F7F-80E9-9D11809102B4}.Release|Any CPU.ActiveCfg = Release|Any CPU
		{27ED788B-A798-4F7F-80E9-9D11809102B4}.Release|Any CPU.Build.0 = Release|Any CPU
	EndGlobalSection
	GlobalSection(SolutionProperties) = preSolution
		HideSolutionNode = FALSE
	EndGlobalSection
	GlobalSection(ExtensibilityGlobals) = postSolution
		SolutionGuid = {35026228-2ACC-4535-8841-140459624EC5}
	EndGlobalSection
EndGlobal
